{
  "version": "4",
  "specifiers": {
    "jsr:@std/dotenv@0": "0.225.3",
    "jsr:@std/path@1": "1.0.8"
  },
  "jsr": {
    "@std/dotenv@0.225.3": {
      "integrity": "a95e5b812c27b0854c52acbae215856d9cce9d4bbf774d938c51d212711e8d4a"
    },
    "@std/path@1.0.8": {
      "integrity": "548fa456bb6a04d3c1a1e7477986b6cffbce95102d0bb447c67c4ee70e0364be"
    }
  }
}
